
Microsoft Visual Studio Solution File, Format Version 12.00
# Visual Studio Version 16
VisualStudioVersion = 16.0.30517.126
MinimumVisualStudioVersion = 10.0.40219.1
Project("{FAE04EC0-301F-11D3-BF4B-00C04F79EFBC}") = "Part2", "Part2\Part2.csproj", "{A3EE4D5E-37EA-4350-9FFA-726B9FA67F73}"
EndProject
Global
	GlobalSection(SolutionConfigurationPlatforms) = preSolution
		Debug|Any CPU = Debug|Any CPU
		Release|Any CPU = Release|Any CPU
	EndGlobalSection
	GlobalSection(ProjectConfigurationPlatforms) = postSolution
		{A3EE4D5E-37EA-4350-9FFA-726B9FA67F73}.Debug|Any CPU.ActiveCfg = Debug|Any CPU
		{A3EE4D5E-37EA-4350-9FFA-726B9FA67F73}.Debug|Any CPU.Build.0 = Debug|Any CPU
		{A3EE4D5E-37EA-4350-9FFA-726B9FA67F73}.Release|Any CPU.ActiveCfg = Release|Any CPU
		{A3EE4D5E-37EA-4350-9FFA-726B9FA67F73}.Release|Any CPU.Build.0 = Release|Any CPU
	EndGlobalSection
	GlobalSection(SolutionProperties) = preSolution
		HideSolutionNode = FALSE
	EndGlobalSection
	GlobalSection(ExtensibilityGlobals) = postSolution
		SolutionGuid = {960B021A-9A04-48B0-98B1-9BC924B6D3DC}
	EndGlobalSection
EndGlobal
